
Microsoft Visual Studio Solution File, Format Version 12.00
# Visual Studio 2012
Project("{FAE04EC0-301F-11D3-BF4B-00C04F79EFBC}") = "Koteto", "Koteto\Koteto.csproj", "{F24B5C25-BFEA-4B94-9B91-7BB4F7EE27DB}"
EndProject
Global
	GlobalSection(SolutionConfigurationPlatforms) = preSolution
		Debug|x86 = Debug|x86
		Release|x86 = Release|x86
	EndGlobalSection
	GlobalSection(ProjectConfigurationPlatforms) = postSolution
		{F24B5C25-BFEA-4B94-9B91-7BB4F7EE27DB}.Debug|x86.ActiveCfg = Debug|x86
		{F24B5C25-BFEA-4B94-9B91-7BB4F7EE27DB}.Debug|x86.Build.0 = Debug|x86
		{F24B5C25-BFEA-4B94-9B91-7BB4F7EE27DB}.Release|x86.ActiveCfg = Release|x86
		{F24B5C25-BFEA-4B94-9B91-7BB4F7EE27DB}.Release|x86.Build.0 = Release|x86
	EndGlobalSection
EndGlobal
